
Microsoft Visual Studio Solution File, Format Version 12.00
# Visual Studio Version 16
VisualStudioVersion = 16.0.31025.194
MinimumVisualStudioVersion = 10.0.40219.1
Project("{FAE04EC0-301F-11D3-BF4B-00C04F79EFBC}") = "WebApp.Api", "WebApp.Api\WebApp.Api.csproj", "{CAC7C639-DA9E-4762-903E-CB7ED7E5B82A}"
EndProject
Project("{FAE04EC0-301F-11D3-BF4B-00C04F79EFBC}") = "WebApp.BL", "WebApp.BL\WebApp.BL.csproj", "{F7CFC8DB-776D-4F17-BA9F-384101FFAFE1}"
EndProject
Project("{FAE04EC0-301F-11D3-BF4B-00C04F79EFBC}") = "WebApp.DAL", "WebApp.DAL\WebApp.DAL.csproj", "{92E671F0-0D74-4442-91B6-699ACA29E97E}"
EndProject
Global
	GlobalSection(SolutionConfigurationPlatforms) = preSolution
		Debug|Any CPU = Debug|Any CPU
		Release|Any CPU = Release|Any CPU
	EndGlobalSection
	GlobalSection(ProjectConfigurationPlatforms) = postSolution
		{CAC7C639-DA9E-4762-903E-CB7ED7E5B82A}.Debug|Any CPU.ActiveCfg = Debug|Any CPU
		{CAC7C639-DA9E-4762-903E-CB7ED7E5B82A}.Debug|Any CPU.Build.0 = Debug|Any CPU
		{CAC7C639-DA9E-4762-903E-CB7ED7E5B82A}.Release|Any CPU.ActiveCfg = Release|Any CPU
		{CAC7C639-DA9E-4762-903E-CB7ED7E5B82A}.Release|Any CPU.Build.0 = Release|Any CPU
		{F7CFC8DB-776D-4F17-BA9F-384101FFAFE1}.Debug|Any CPU.ActiveCfg = Debug|Any CPU
		{F7CFC8DB-776D-4F17-BA9F-384101FFAFE1}.Debug|Any CPU.Build.0 = Debug|Any CPU
		{F7CFC8DB-776D-4F17-BA9F-384101FFAFE1}.Release|Any CPU.ActiveCfg = Release|Any CPU
		{F7CFC8DB-776D-4F17-BA9F-384101FFAFE1}.Release|Any CPU.Build.0 = Release|Any CPU
		{92E671F0-0D74-4442-91B6-699ACA29E97E}.Debug|Any CPU.ActiveCfg = Debug|Any CPU
		{92E671F0-0D74-4442-91B6-699ACA29E97E}.Debug|Any CPU.Build.0 = Debug|Any CPU
		{92E671F0-0D74-4442-91B6-699ACA29E97E}.Release|Any CPU.ActiveCfg = Release|Any CPU
		{92E671F0-0D74-4442-91B6-699ACA29E97E}.Release|Any CPU.Build.0 = Release|Any CPU
	EndGlobalSection
	GlobalSection(SolutionProperties) = preSolution
		HideSolutionNode = FALSE
	EndGlobalSection
	GlobalSection(ExtensibilityGlobals) = postSolution
		SolutionGuid = {E252CC14-3CDF-43AA-9D1B-3209E730A53E}
	EndGlobalSection
EndGlobal
